PODS:
  - Alamofire (3.1.5)
  - Gloss (0.6.2)
  - JGProgressHUD (1.3.1)
  - Kingfisher (1.9.3)
  - Moya (6.1.3):
    - Moya/Core (= 6.1.3)
  - Moya/Core (6.1.3):
    - Alamofire (~> 3.0)
    - Result (~> 1.0)
  - Neon (0.0.3)
  - Realm (0.96.3):
    - Realm/Headers (= 0.96.3)
  - Realm/Headers (0.96.3)
  - RealmSwift (0.96.3):
    - Realm (= 0.96.3)
  - Result (1.0.1)
  - SwiftyJSON (2.3.2)
  - UIColor_Hex_Swift (1.8)
  - XCGLogger (3.2)

DEPENDENCIES:
  - Alamofire (~> 3.0)
  - Gloss (~> 0.6)
  - JGProgressHUD
  - Kingfisher (~> 1.9)
  - Moya
  - Neon (~> 0.0.1)
  - RealmSwift (~> 0.96.0)
  - SwiftyJSON (from `https://github.com/SwiftyJSON/SwiftyJSON.git`)
  - UIColor_Hex_Swift (~> 1.8)
  - XCGLogger (~> 3.2)

EXTERNAL SOURCES:
  SwiftyJSON:
    :git: https://github.com/SwiftyJSON/SwiftyJSON.git

CHECKOUT OPTIONS:
  SwiftyJSON:
    :commit: 42bdb102d2624b143c07850ebdc1537d5b6579b6
    :git: https://github.com/SwiftyJSON/SwiftyJSON.git

SPEC CHECKSUMS:
  Alamofire: 5f730ba29fd113b7ddd71c1e65d0c630acf5d7b0
  Gloss: 22fd970682b5449e08e2f41c5087eefe7d7d084b
  JGProgressHUD: 153053a21d81208cb5f659691996bcefce6a9885
  Kingfisher: 9e37d2a78a082dc123bfe8a16de65de85518daae
  Moya: 26b290a8d675c167ea6229ba08e07dce562265a5
  Neon: 589d3d217d326abe09726bf81add106cff685bf2
  Realm: 145d3cdf78a03aee71bde5381ad7e542bd541720
  RealmSwift: aab84968aad662f61f36473d1aea019f63481505
  Result: caef80340451e1f07492fa1e89117f83613bce24
  SwiftyJSON: 04ccea08915aa0109039157c7974cf0298da292a
  UIColor_Hex_Swift: a66b9d5f6e8fddbd9fe32996504f0b7e9d20d680
  XCGLogger: da1f341f4bb8979db6e1df64232f04d9698402d4

COCOAPODS: 0.39.0
