// !$*UTF8*$!
{
	archiveVersion = 1;
	classes = {
	};
	objectVersion = 46;
	objects = {

/* Begin PBXBuildFile section */
		5D69B2E4252F1CF060474E3E /* Pods.framework in Frameworks */ = {isa = PBXBuildFile; fileRef = 169B335AE274C1F0FA40683B /* Pods.framework */; };
		F25D2A231C47E4D7000E5EEE /* SGLoginViewController.swift in Sources */ = {isa = PBXBuildFile; fileRef = F25D2A161C47E4D7000E5EEE /* SGLoginViewController.swift */; };
		F25D2A241C47E4D7000E5EEE /* SGLoginViewController.swift in Sources */ = {isa = PBXBuildFile; fileRef = F25D2A161C47E4D7000E5EEE /* SGLoginViewController.swift */; };
		F25D2A251C47E4D7000E5EEE /* SGLoginViewController.xib in Resources */ = {isa = PBXBuildFile; fileRef = F25D2A171C47E4D7000E5EEE /* SGLoginViewController.xib */; };
		F25D2A261C47E4D7000E5EEE /* SGLoginViewController.xib in Resources */ = {isa = PBXBuildFile; fileRef = F25D2A171C47E4D7000E5EEE /* SGLoginViewController.xib */; };
		F25D2A271C47E4D7000E5EEE /* SGRegisterViewController.swift in Sources */ = {isa = PBXBuildFile; fileRef = F25D2A181C47E4D7000E5EEE /* SGRegisterViewController.swift */; };
		F25D2A281C47E4D7000E5EEE /* SGRegisterViewController.swift in Sources */ = {isa = PBXBuildFile; fileRef = F25D2A181C47E4D7000E5EEE /* SGRegisterViewController.swift */; };
		F25D2A291C47E4D7000E5EEE /* SGRegisterViewController.xib in Resources */ = {isa = PBXBuildFile; fileRef = F25D2A191C47E4D7000E5EEE /* SGRegisterViewController.xib */; };
		F25D2A2A1C47E4D7000E5EEE /* SGRegisterViewController.xib in Resources */ = {isa = PBXBuildFile; fileRef = F25D2A191C47E4D7000E5EEE /* SGRegisterViewController.xib */; };
		F25D2A2B1C47E4D7000E5EEE /* SGUserViewController.swift in Sources */ = {isa = PBXBuildFile; fileRef = F25D2A1A1C47E4D7000E5EEE /* SGUserViewController.swift */; };
		F25D2A2C1C47E4D7000E5EEE /* SGUserViewController.swift in Sources */ = {isa = PBXBuildFile; fileRef = F25D2A1A1C47E4D7000E5EEE /* SGUserViewController.swift */; };
		F25D2A2D1C47E4D7000E5EEE /* SGCategoryHomeViewController.swift in Sources */ = {isa = PBXBuildFile; fileRef = F25D2A1D1C47E4D7000E5EEE /* SGCategoryHomeViewController.swift */; };
		F25D2A2E1C47E4D7000E5EEE /* SGCategoryHomeViewController.swift in Sources */ = {isa = PBXBuildFile; fileRef = F25D2A1D1C47E4D7000E5EEE /* SGCategoryHomeViewController.swift */; };
		F25D2A2F1C47E4D7000E5EEE /* SGHomeViewController.swift in Sources */ = {isa = PBXBuildFile; fileRef = F25D2A201C47E4D7000E5EEE /* SGHomeViewController.swift */; };
		F25D2A301C47E4D7000E5EEE /* SGHomeViewController.swift in Sources */ = {isa = PBXBuildFile; fileRef = F25D2A201C47E4D7000E5EEE /* SGHomeViewController.swift */; };
		F25D2A341C47E4F4000E5EEE /* SGTabBarController.swift in Sources */ = {isa = PBXBuildFile; fileRef = F25D2A331C47E4F4000E5EEE /* SGTabBarController.swift */; };
		F25D2A351C47E4F4000E5EEE /* SGTabBarController.swift in Sources */ = {isa = PBXBuildFile; fileRef = F25D2A331C47E4F4000E5EEE /* SGTabBarController.swift */; };
		F2C7844F1BE7544D00A36BFE /* AppDelegate.swift in Sources */ = {isa = PBXBuildFile; fileRef = F2C7844E1BE7544D00A36BFE /* AppDelegate.swift */; };
		F2C784581BE7544D00A36BFE /* Assets.xcassets in Resources */ = {isa = PBXBuildFile; fileRef = F2C784571BE7544D00A36BFE /* Assets.xcassets */; };
		F2C7845B1BE7544D00A36BFE /* LaunchScreen.storyboard in Resources */ = {isa = PBXBuildFile; fileRef = F2C784591BE7544D00A36BFE /* LaunchScreen.storyboard */; };
		F2C784661BE7544D00A36BFE /* SwiftGGTests.swift in Sources */ = {isa = PBXBuildFile; fileRef = F2C784651BE7544D00A36BFE /* SwiftGGTests.swift */; };
/* End PBXBuildFile section */

/* Begin PBXContainerItemProxy section */
		F2C784621BE7544D00A36BFE /* PBXContainerItemProxy */ = {
			isa = PBXContainerItemProxy;
			containerPortal = F2C784431BE7544D00A36BFE /* Project object */;
			proxyType = 1;
			remoteGlobalIDString = F2C7844A1BE7544D00A36BFE;
			remoteInfo = SwiftGG;
		};
/* End PBXContainerItemProxy section */

/* Begin PBXFileReference section */
		169B335AE274C1F0FA40683B /* Pods.framework */ = {isa = PBXFileReference; explicitFileType = wrapper.framework; includeInIndex = 0; path = Pods.framework; sourceTree = BUILT_PRODUCTS_DIR; };
		5D5BC1627FE4EBE8F760AFEF /* Pods.debug.xcconfig */ = {isa = PBXFileReference; includeInIndex = 1; lastKnownFileType = text.xcconfig; name = Pods.debug.xcconfig; path = "Pods/Target Support Files/Pods/Pods.debug.xcconfig"; sourceTree = "<group>"; };
		B13FCBA15080C960586CA615 /* Pods.release.xcconfig */ = {isa = PBXFileReference; includeInIndex = 1; lastKnownFileType = text.xcconfig; name = Pods.release.xcconfig; path = "Pods/Target Support Files/Pods/Pods.release.xcconfig"; sourceTree = "<group>"; };
		F25D2A161C47E4D7000E5EEE /* SGLoginViewController.swift */ = {isa = PBXFileReference; fileEncoding = 4; lastKnownFileType = sourcecode.swift; path = SGLoginViewController.swift; sourceTree = "<group>"; };
		F25D2A171C47E4D7000E5EEE /* SGLoginViewController.xib */ = {isa = PBXFileReference; fileEncoding = 4; lastKnownFileType = file.xib; path = SGLoginViewController.xib; sourceTree = "<group>"; };
		F25D2A181C47E4D7000E5EEE /* SGRegisterViewController.swift */ = {isa = PBXFileReference; fileEncoding = 4; lastKnownFileType = sourcecode.swift; path = SGRegisterViewController.swift; sourceTree = "<group>"; };
		F25D2A191C47E4D7000E5EEE /* SGRegisterViewController.xib */ = {isa = PBXFileReference; fileEncoding = 4; lastKnownFileType = file.xib; path = SGRegisterViewController.xib; sourceTree = "<group>"; };
		F25D2A1A1C47E4D7000E5EEE /* SGUserViewController.swift */ = {isa = PBXFileReference; fileEncoding = 4; lastKnownFileType = sourcecode.swift; path = SGUserViewController.swift; sourceTree = "<group>"; };
		F25D2A1D1C47E4D7000E5EEE /* SGCategoryHomeViewController.swift */ = {isa = PBXFileReference; fileEncoding = 4; lastKnownFileType = sourcecode.swift; path = SGCategoryHomeViewController.swift; sourceTree = "<group>"; };
		F25D2A201C47E4D7000E5EEE /* SGHomeViewController.swift */ = {isa = PBXFileReference; fileEncoding = 4; lastKnownFileType = sourcecode.swift; path = SGHomeViewController.swift; sourceTree = "<group>"; };
		F25D2A331C47E4F4000E5EEE /* SGTabBarController.swift */ = {isa = PBXFileReference; fileEncoding = 4; lastKnownFileType = sourcecode.swift; path = SGTabBarController.swift; sourceTree = "<group>"; };
		F2C7844B1BE7544D00A36BFE /* SwiftGG.app */ = {isa = PBXFileReference; explicitFileType = wrapper.application; includeInIndex = 0; path = SwiftGG.app; sourceTree = BUILT_PRODUCTS_DIR; };
		F2C7844E1BE7544D00A36BFE /* AppDelegate.swift */ = {isa = PBXFileReference; lastKnownFileType = sourcecode.swift; path = AppDelegate.swift; sourceTree = "<group>"; };
		F2C784571BE7544D00A36BFE /* Assets.xcassets */ = {isa = PBXFileReference; lastKnownFileType = folder.assetcatalog; path = Assets.xcassets; sourceTree = "<group>"; };
		F2C7845A1BE7544D00A36BFE /* Base */ = {isa = PBXFileReference; lastKnownFileType = file.storyboard; name = Base; path = Base.lproj/LaunchScreen.storyboard; sourceTree = "<group>"; };
		F2C7845C1BE7544D00A36BFE /* Info.plist */ = {isa = PBXFileReference; lastKnownFileType = text.plist.xml; path = Info.plist; sourceTree = "<group>"; };
		F2C784611BE7544D00A36BFE /* SwiftGGTests.xctest */ = {isa = PBXFileReference; explicitFileType = wrapper.cfbundle; includeInIndex = 0; path = SwiftGGTests.xctest; sourceTree = BUILT_PRODUCTS_DIR; };
		F2C784651BE7544D00A36BFE /* SwiftGGTests.swift */ = {isa = PBXFileReference; lastKnownFileType = sourcecode.swift; path = SwiftGGTests.swift; sourceTree = "<group>"; };
		F2C784671BE7544D00A36BFE /* Info.plist */ = {isa = PBXFileReference; lastKnownFileType = text.plist.xml; path = Info.plist; sourceTree = "<group>"; };
/* End PBXFileReference section */

/* Begin PBXFrameworksBuildPhase section */
		F2C784481BE7544D00A36BFE /* Frameworks */ = {
			isa = PBXFrameworksBuildPhase;
			buildActionMask = 2147483647;
			files = (
				5D69B2E4252F1CF060474E3E /* Pods.framework in Frameworks */,
			);
			runOnlyForDeploymentPostprocessing = 0;
		};
		F2C7845E1BE7544D00A36BFE /* Frameworks */ = {
			isa = PBXFrameworksBuildPhase;
			buildActionMask = 2147483647;
			files = (
			);
			runOnlyForDeploymentPostprocessing = 0;
		};
/* End PBXFrameworksBuildPhase section */

/* Begin PBXGroup section */
		678CDB1499F2BD2C8F727586 /* Frameworks */ = {
			isa = PBXGroup;
			children = (
				169B335AE274C1F0FA40683B /* Pods.framework */,
			);
			name = Frameworks;
			sourceTree = "<group>";
		};
		68C17D8A4C38880C7C397FB5 /* Pods */ = {
			isa = PBXGroup;
			children = (
				5D5BC1627FE4EBE8F760AFEF /* Pods.debug.xcconfig */,
				B13FCBA15080C960586CA615 /* Pods.release.xcconfig */,
			);
			name = Pods;
			sourceTree = "<group>";
		};
		963697B71C0CA87500C579CF /* Modules */ = {
			isa = PBXGroup;
			children = (
				F25D2A141C47E4D7000E5EEE /* Account */,
				F25D2A1B1C47E4D7000E5EEE /* ArticleCategory */,
				F25D2A1E1C47E4D7000E5EEE /* Home */,
				F25D2A211C47E4D7000E5EEE /* Login */,
			);
			path = Modules;
			sourceTree = "<group>";
		};
		F25D2A141C47E4D7000E5EEE /* Account */ = {
			isa = PBXGroup;
			children = (
				F25D2A151C47E4D7000E5EEE /* ViewControllers */,
			);
			path = Account;
			sourceTree = "<group>";
		};
		F25D2A151C47E4D7000E5EEE /* ViewControllers */ = {
			isa = PBXGroup;
			children = (
				F25D2A161C47E4D7000E5EEE /* SGLoginViewController.swift */,
				F25D2A171C47E4D7000E5EEE /* SGLoginViewController.xib */,
				F25D2A181C47E4D7000E5EEE /* SGRegisterViewController.swift */,
				F25D2A191C47E4D7000E5EEE /* SGRegisterViewController.xib */,
				F25D2A1A1C47E4D7000E5EEE /* SGUserViewController.swift */,
			);
			path = ViewControllers;
			sourceTree = "<group>";
		};
		F25D2A1B1C47E4D7000E5EEE /* ArticleCategory */ = {
			isa = PBXGroup;
			children = (
				F25D2A1C1C47E4D7000E5EEE /* ViewControllers */,
			);
			path = ArticleCategory;
			sourceTree = "<group>";
		};
		F25D2A1C1C47E4D7000E5EEE /* ViewControllers */ = {
			isa = PBXGroup;
			children = (
				F25D2A1D1C47E4D7000E5EEE /* SGCategoryHomeViewController.swift */,
			);
			path = ViewControllers;
			sourceTree = "<group>";
		};
		F25D2A1E1C47E4D7000E5EEE /* Home */ = {
			isa = PBXGroup;
			children = (
				F25D2A1F1C47E4D7000E5EEE /* ViewControllers */,
			);
			path = Home;
			sourceTree = "<group>";
		};
		F25D2A1F1C47E4D7000E5EEE /* ViewControllers */ = {
			isa = PBXGroup;
			children = (
				F25D2A201C47E4D7000E5EEE /* SGHomeViewController.swift */,
			);
			path = ViewControllers;
			sourceTree = "<group>";
		};
		F25D2A211C47E4D7000E5EEE /* Login */ = {
			isa = PBXGroup;
			children = (
				F25D2A221C47E4D7000E5EEE /* ViewControllers */,
			);
			path = Login;
			sourceTree = "<group>";
		};
		F25D2A221C47E4D7000E5EEE /* ViewControllers */ = {
			isa = PBXGroup;
			children = (
			);
			path = ViewControllers;
			sourceTree = "<group>";
		};
		F25D2A311C47E4F4000E5EEE /* Core */ = {
			isa = PBXGroup;
			children = (
				F25D2A321C47E4F4000E5EEE /* TabBar */,
			);
			path = Core;
			sourceTree = "<group>";
		};
		F25D2A321C47E4F4000E5EEE /* TabBar */ = {
			isa = PBXGroup;
			children = (
				F25D2A331C47E4F4000E5EEE /* SGTabBarController.swift */,
			);
			path = TabBar;
			sourceTree = "<group>";
		};
		F29C8C001BEAF40E0078DE69 /* Library */ = {
			isa = PBXGroup;
			children = (
			);
			path = Library;
			sourceTree = "<group>";
		};
		F29C8C011BEAF40E0078DE69 /* Models */ = {
			isa = PBXGroup;
			children = (
			);
			path = Models;
			sourceTree = "<group>";
		};
		F29C8C091BEAF40E0078DE69 /* Utility */ = {
			isa = PBXGroup;
			children = (
			);
			path = Utility;
			sourceTree = "<group>";
		};
		F2C784421BE7544D00A36BFE = {
			isa = PBXGroup;
			children = (
				F2C7844D1BE7544D00A36BFE /* SwiftGG */,
				F2C784641BE7544D00A36BFE /* SwiftGGTests */,
				F2C7844C1BE7544D00A36BFE /* Products */,
				68C17D8A4C38880C7C397FB5 /* Pods */,
				678CDB1499F2BD2C8F727586 /* Frameworks */,
			);
			sourceTree = "<group>";
		};
		F2C7844C1BE7544D00A36BFE /* Products */ = {
			isa = PBXGroup;
			children = (
				F2C7844B1BE7544D00A36BFE /* SwiftGG.app */,
				F2C784611BE7544D00A36BFE /* SwiftGGTests.xctest */,
			);
			name = Products;
			sourceTree = "<group>";
		};
		F2C7844D1BE7544D00A36BFE /* SwiftGG */ = {
			isa = PBXGroup;
			children = (
				F25D2A311C47E4F4000E5EEE /* Core */,
				F29C8C001BEAF40E0078DE69 /* Library */,
				F29C8C011BEAF40E0078DE69 /* Models */,
				963697B71C0CA87500C579CF /* Modules */,
				F29C8C091BEAF40E0078DE69 /* Utility */,
				F2C7844E1BE7544D00A36BFE /* AppDelegate.swift */,
				F2C784571BE7544D00A36BFE /* Assets.xcassets */,
				F2C784591BE7544D00A36BFE /* LaunchScreen.storyboard */,
				F2C7845C1BE7544D00A36BFE /* Info.plist */,
			);
			path = SwiftGG;
			sourceTree = "<group>";
		};
		F2C784641BE7544D00A36BFE /* SwiftGGTests */ = {
			isa = PBXGroup;
			children = (
				F2C784651BE7544D00A36BFE /* SwiftGGTests.swift */,
				F2C784671BE7544D00A36BFE /* Info.plist */,
			);
			path = SwiftGGTests;
			sourceTree = "<group>";
		};
/* End PBXGroup section */

/* Begin PBXNativeTarget section */
		F2C7844A1BE7544D00A36BFE /* SwiftGG */ = {
			isa = PBXNativeTarget;
			buildConfigurationList = F2C7846A1BE7544D00A36BFE /* Build configuration list for PBXNativeTarget "SwiftGG" */;
			buildPhases = (
				C010B570122183321D46037A /* Check Pods Manifest.lock */,
				F2C784471BE7544D00A36BFE /* Sources */,
				F2C784481BE7544D00A36BFE /* Frameworks */,
				F2C784491BE7544D00A36BFE /* Resources */,
				12B28579027A5D610B9C0560 /* Embed Pods Frameworks */,
				CB7F5A176FD73C366918D8A2 /* Copy Pods Resources */,
			);
			buildRules = (
			);
			dependencies = (
			);
			name = SwiftGG;
			productName = SwiftGG;
			productReference = F2C7844B1BE7544D00A36BFE /* SwiftGG.app */;
			productType = "com.apple.product-type.application";
		};
		F2C784601BE7544D00A36BFE /* SwiftGGTests */ = {
			isa = PBXNativeTarget;
			buildConfigurationList = F2C7846D1BE7544D00A36BFE /* Build configuration list for PBXNativeTarget "SwiftGGTests" */;
			buildPhases = (
				F2C7845D1BE7544D00A36BFE /* Sources */,
				F2C7845E1BE7544D00A36BFE /* Frameworks */,
				F2C7845F1BE7544D00A36BFE /* Resources */,
			);
			buildRules = (
			);
			dependencies = (
				F2C784631BE7544D00A36BFE /* PBXTargetDependency */,
			);
			name = SwiftGGTests;
			productName = SwiftGGTests;
			productReference = F2C784611BE7544D00A36BFE /* SwiftGGTests.xctest */;
			productType = "com.apple.product-type.bundle.unit-test";
		};
/* End PBXNativeTarget section */

/* Begin PBXProject section */
		F2C784431BE7544D00A36BFE /* Project object */ = {
			isa = PBXProject;
			attributes = {
				CLASSPREFIX = SG;
				LastSwiftUpdateCheck = 0710;
				LastUpgradeCheck = 0710;
				ORGANIZATIONNAME = swiftgg;
				TargetAttributes = {
					F2C7844A1BE7544D00A36BFE = {
						CreatedOnToolsVersion = 7.1;
					};
					F2C784601BE7544D00A36BFE = {
						CreatedOnToolsVersion = 7.1;
						TestTargetID = F2C7844A1BE7544D00A36BFE;
					};
				};
			};
			buildConfigurationList = F2C784461BE7544D00A36BFE /* Build configuration list for PBXProject "SwiftGG" */;
			compatibilityVersion = "Xcode 3.2";
			developmentRegion = English;
			hasScannedForEncodings = 0;
			knownRegions = (
				en,
				Base,
			);
			mainGroup = F2C784421BE7544D00A36BFE;
			productRefGroup = F2C7844C1BE7544D00A36BFE /* Products */;
			projectDirPath = "";
			projectRoot = "";
			targets = (
				F2C7844A1BE7544D00A36BFE /* SwiftGG */,
				F2C784601BE7544D00A36BFE /* SwiftGGTests */,
			);
		};
/* End PBXProject section */

/* Begin PBXResourcesBuildPhase section */
		F2C784491BE7544D00A36BFE /* Resources */ = {
			isa = PBXResourcesBuildPhase;
			buildActionMask = 2147483647;
			files = (
				F2C7845B1BE7544D00A36BFE /* LaunchScreen.storyboard in Resources */,
				F25D2A251C47E4D7000E5EEE /* SGLoginViewController.xib in Resources */,
				F2C784581BE7544D00A36BFE /* Assets.xcassets in Resources */,
				F25D2A291C47E4D7000E5EEE /* SGRegisterViewController.xib in Resources */,
			);
			runOnlyForDeploymentPostprocessing = 0;
		};
		F2C7845F1BE7544D00A36BFE /* Resources */ = {
			isa = PBXResourcesBuildPhase;
			buildActionMask = 2147483647;
			files = (
				F25D2A261C47E4D7000E5EEE /* SGLoginViewController.xib in Resources */,
				F25D2A2A1C47E4D7000E5EEE /* SGRegisterViewController.xib in Resources */,
			);
			runOnlyForDeploymentPostprocessing = 0;
		};
/* End PBXResourcesBuildPhase section */

/* Begin PBXShellScriptBuildPhase section */
		12B28579027A5D610B9C0560 /* Embed Pods Frameworks */ = {
			isa = PBXShellScriptBuildPhase;
			buildActionMask = 2147483647;
			files = (
			);
			inputPaths = (
			);
			name = "Embed Pods Frameworks";
			outputPaths = (
			);
			runOnlyForDeploymentPostprocessing = 0;
			shellPath = /bin/sh;
			shellScript = "\"${SRCROOT}/Pods/Target Support Files/Pods/Pods-frameworks.sh\"\n";
			showEnvVarsInLog = 0;
		};
		C010B570122183321D46037A /* Check Pods Manifest.lock */ = {
			isa = PBXShellScriptBuildPhase;
			buildActionMask = 2147483647;
			files = (
			);
			inputPaths = (
			);
			name = "Check Pods Manifest.lock";
			outputPaths = (
			);
			runOnlyForDeploymentPostprocessing = 0;
			shellPath = /bin/sh;
			shellScript = "diff \"${PODS_ROOT}/../Podfile.lock\" \"${PODS_ROOT}/Manifest.lock\" > /dev/null\nif [[ $? != 0 ]] ; then\n    cat << EOM\nerror: The sandbox is not in sync with the Podfile.lock. Run 'pod install' or update your CocoaPods installation.\nEOM\n    exit 1\nfi\n";
			showEnvVarsInLog = 0;
		};
		CB7F5A176FD73C366918D8A2 /* Copy Pods Resources */ = {
			isa = PBXShellScriptBuildPhase;
			buildActionMask = 2147483647;
			files = (
			);
			inputPaths = (
			);
			name = "Copy Pods Resources";
			outputPaths = (
			);
			runOnlyForDeploymentPostprocessing = 0;
			shellPath = /bin/sh;
			shellScript = "\"${SRCROOT}/Pods/Target Support Files/Pods/Pods-resources.sh\"\n";
			showEnvVarsInLog = 0;
		};
/* End PBXShellScriptBuildPhase section */

/* Begin PBXSourcesBuildPhase section */
		F2C784471BE7544D00A36BFE /* Sources */ = {
			isa = PBXSourcesBuildPhase;
			buildActionMask = 2147483647;
			files = (
				F25D2A2D1C47E4D7000E5EEE /* SGCategoryHomeViewController.swift in Sources */,
				F25D2A341C47E4F4000E5EEE /* SGTabBarController.swift in Sources */,
				F25D2A231C47E4D7000E5EEE /* SGLoginViewController.swift in Sources */,
				F25D2A2B1C47E4D7000E5EEE /* SGUserViewController.swift in Sources */,
				F25D2A271C47E4D7000E5EEE /* SGRegisterViewController.swift in Sources */,
				F2C7844F1BE7544D00A36BFE /* AppDelegate.swift in Sources */,
				F25D2A2F1C47E4D7000E5EEE /* SGHomeViewController.swift in Sources */,
			);
			runOnlyForDeploymentPostprocessing = 0;
		};
		F2C7845D1BE7544D00A36BFE /* Sources */ = {
			isa = PBXSourcesBuildPhase;
			buildActionMask = 2147483647;
			files = (
				F25D2A2E1C47E4D7000E5EEE /* SGCategoryHomeViewController.swift in Sources */,
				F25D2A351C47E4F4000E5EEE /* SGTabBarController.swift in Sources */,
				F25D2A241C47E4D7000E5EEE /* SGLoginViewController.swift in Sources */,
				F25D2A2C1C47E4D7000E5EEE /* SGUserViewController.swift in Sources */,
				F25D2A281C47E4D7000E5EEE /* SGRegisterViewController.swift in Sources */,
				F2C784661BE7544D00A36BFE /* SwiftGGTests.swift in Sources */,
				F25D2A301C47E4D7000E5EEE /* SGHomeViewController.swift in Sources */,
			);
			runOnlyForDeploymentPostprocessing = 0;
		};
/* End PBXSourcesBuildPhase section */

/* Begin PBXTargetDependency section */
		F2C784631BE7544D00A36BFE /* PBXTargetDependency */ = {
			isa = PBXTargetDependency;
			target = F2C7844A1BE7544D00A36BFE /* SwiftGG */;
			targetProxy = F2C784621BE7544D00A36BFE /* PBXContainerItemProxy */;
		};
/* End PBXTargetDependency section */

/* Begin PBXVariantGroup section */
		F2C784591BE7544D00A36BFE /* LaunchScreen.storyboard */ = {
			isa = PBXVariantGroup;
			children = (
				F2C7845A1BE7544D00A36BFE /* Base */,
			);
			name = LaunchScreen.storyboard;
			sourceTree = "<group>";
		};
/* End PBXVariantGroup section */

/* Begin XCBuildConfiguration section */
		F2C784681BE7544D00A36BFE /* Debug */ = {
			isa = XCBuildConfiguration;
			buildSettings = {
				ALWAYS_SEARCH_USER_PATHS = NO;
				CLANG_CXX_LANGUAGE_STANDARD = "gnu++0x";
				CLANG_CXX_LIBRARY = "libc++";
				CLANG_ENABLE_MODULES = YES;
				CLANG_ENABLE_OBJC_ARC = YES;
				CLANG_WARN_BOOL_CONVERSION = YES;
				CLANG_WARN_CONSTANT_CONVERSION = YES;
				CLANG_WARN_DIRECT_OBJC_ISA_USAGE = YES_ERROR;
				CLANG_WARN_EMPTY_BODY = YES;
				CLANG_WARN_ENUM_CONVERSION = YES;
				CLANG_WARN_INT_CONVERSION = YES;
				CLANG_WARN_OBJC_ROOT_CLASS = YES_ERROR;
				CLANG_WARN_UNREACHABLE_CODE = YES;
				CLANG_WARN__DUPLICATE_METHOD_MATCH = YES;
				"CODE_SIGN_IDENTITY[sdk=iphoneos*]" = "iPhone Developer";
				COPY_PHASE_STRIP = NO;
				DEBUG_INFORMATION_FORMAT = dwarf;
				ENABLE_STRICT_OBJC_MSGSEND = YES;
				ENABLE_TESTABILITY = YES;
				GCC_C_LANGUAGE_STANDARD = gnu99;
				GCC_DYNAMIC_NO_PIC = NO;
				GCC_NO_COMMON_BLOCKS = YES;
				GCC_OPTIMIZATION_LEVEL = 0;
				GCC_PREPROCESSOR_DEFINITIONS = (
					"DEBUG=1",
					"$(inherited)",
				);
				GCC_WARN_64_TO_32_BIT_CONVERSION = YES;
				GCC_WARN_ABOUT_RETURN_TYPE = YES_ERROR;
				GCC_WARN_UNDECLARED_SELECTOR = YES;
				GCC_WARN_UNINITIALIZED_AUTOS = YES_AGGRESSIVE;
				GCC_WARN_UNUSED_FUNCTION = YES;
				GCC_WARN_UNUSED_VARIABLE = YES;
				IPHONEOS_DEPLOYMENT_TARGET = 9.1;
				MTL_ENABLE_DEBUG_INFO = YES;
				ONLY_ACTIVE_ARCH = YES;
				SDKROOT = iphoneos;
				SWIFT_OPTIMIZATION_LEVEL = "-Onone";
				TARGETED_DEVICE_FAMILY = "1,2";
			};
			name = Debug;
		};
		F2C784691BE7544D00A36BFE /* Release */ = {
			isa = XCBuildConfiguration;
			buildSettings = {
				ALWAYS_SEARCH_USER_PATHS = NO;
				CLANG_CXX_LANGUAGE_STANDARD = "gnu++0x";
				CLANG_CXX_LIBRARY = "libc++";
				CLANG_ENABLE_MODULES = YES;
				CLANG_ENABLE_OBJC_ARC = YES;
				CLANG_WARN_BOOL_CONVERSION = YES;
				CLANG_WARN_CONSTANT_CONVERSION = YES;
				CLANG_WARN_DIRECT_OBJC_ISA_USAGE = YES_ERROR;
				CLANG_WARN_EMPTY_BODY = YES;
				CLANG_WARN_ENUM_CONVERSION = YES;
				CLANG_WARN_INT_CONVERSION = YES;
				CLANG_WARN_OBJC_ROOT_CLASS = YES_ERROR;
				CLANG_WARN_UNREACHABLE_CODE = YES;
				CLANG_WARN__DUPLICATE_METHOD_MATCH = YES;
				"CODE_SIGN_IDENTITY[sdk=iphoneos*]" = "iPhone Developer";
				COPY_PHASE_STRIP = NO;
				DEBUG_INFORMATION_FORMAT = "dwarf-with-dsym";
				ENABLE_NS_ASSERTIONS = NO;
				ENABLE_STRICT_OBJC_MSGSEND = YES;
				GCC_C_LANGUAGE_STANDARD = gnu99;
				GCC_NO_COMMON_BLOCKS = YES;
				GCC_WARN_64_TO_32_BIT_CONVERSION = YES;
				GCC_WARN_ABOUT_RETURN_TYPE = YES_ERROR;
				GCC_WARN_UNDECLARED_SELECTOR = YES;
				GCC_WARN_UNINITIALIZED_AUTOS = YES_AGGRESSIVE;
				GCC_WARN_UNUSED_FUNCTION = YES;
				GCC_WARN_UNUSED_VARIABLE = YES;
				IPHONEOS_DEPLOYMENT_TARGET = 9.1;
				MTL_ENABLE_DEBUG_INFO = NO;
				SDKROOT = iphoneos;
				TARGETED_DEVICE_FAMILY = "1,2";
				VALIDATE_PRODUCT = YES;
			};
			name = Release;
		};
		F2C7846B1BE7544D00A36BFE /* Debug */ = {
			isa = XCBuildConfiguration;
			baseConfigurationReference = 5D5BC1627FE4EBE8F760AFEF /* Pods.debug.xcconfig */;
			buildSettings = {
				ASSETCATALOG_COMPILER_APPICON_NAME = AppIcon;
				INFOPLIST_FILE = SwiftGG/Info.plist;
				IPHONEOS_DEPLOYMENT_TARGET = 8.0;
				LD_RUNPATH_SEARCH_PATHS = "$(inherited) @executable_path/Frameworks";
				PRODUCT_BUNDLE_IDENTIFIER = org.swiftgg.SwiftGG;
				PRODUCT_NAME = "$(TARGET_NAME)";
				TARGETED_DEVICE_FAMILY = 1;
			};
			name = Debug;
		};
		F2C7846C1BE7544D00A36BFE /* Release */ = {
			isa = XCBuildConfiguration;
			baseConfigurationReference = B13FCBA15080C960586CA615 /* Pods.release.xcconfig */;
			buildSettings = {
				ASSETCATALOG_COMPILER_APPICON_NAME = AppIcon;
				INFOPLIST_FILE = SwiftGG/Info.plist;
				IPHONEOS_DEPLOYMENT_TARGET = 8.0;
				LD_RUNPATH_SEARCH_PATHS = "$(inherited) @executable_path/Frameworks";
				PRODUCT_BUNDLE_IDENTIFIER = org.swiftgg.SwiftGG;
				PRODUCT_NAME = "$(TARGET_NAME)";
				TARGETED_DEVICE_FAMILY = 1;
			};
			name = Release;
		};
		F2C7846E1BE7544D00A36BFE /* Debug */ = {
			isa = XCBuildConfiguration;
			buildSettings = {
				BUNDLE_LOADER = "$(TEST_HOST)";
				INFOPLIST_FILE = SwiftGGTests/Info.plist;
				LD_RUNPATH_SEARCH_PATHS = "$(inherited) @executable_path/Frameworks @loader_path/Frameworks";
				PRODUCT_BUNDLE_IDENTIFIER = org.swiftgg.SwiftGGTests;
				PRODUCT_NAME = "$(TARGET_NAME)";
				TEST_HOST = "$(BUILT_PRODUCTS_DIR)/SwiftGG.app/SwiftGG";
			};
			name = Debug;
		};
		F2C7846F1BE7544D00A36BFE /* Release */ = {
			isa = XCBuildConfiguration;
			buildSettings = {
				BUNDLE_LOADER = "$(TEST_HOST)";
				INFOPLIST_FILE = SwiftGGTests/Info.plist;
				LD_RUNPATH_SEARCH_PATHS = "$(inherited) @executable_path/Frameworks @loader_path/Frameworks";
				PRODUCT_BUNDLE_IDENTIFIER = org.swiftgg.SwiftGGTests;
				PRODUCT_NAME = "$(TARGET_NAME)";
				TEST_HOST = "$(BUILT_PRODUCTS_DIR)/SwiftGG.app/SwiftGG";
			};
			name = Release;
		};
/* End XCBuildConfiguration section */

/* Begin XCConfigurationList section */
		F2C784461BE7544D00A36BFE /* Build configuration list for PBXProject "SwiftGG" */ = {
			isa = XCConfigurationList;
			buildConfigurations = (
				F2C784681BE7544D00A36BFE /* Debug */,
				F2C784691BE7544D00A36BFE /* Release */,
			);
			defaultConfigurationIsVisible = 0;
			defaultConfigurationName = Release;
		};
		F2C7846A1BE7544D00A36BFE /* Build configuration list for PBXNativeTarget "SwiftGG" */ = {
			isa = XCConfigurationList;
			buildConfigurations = (
				F2C7846B1BE7544D00A36BFE /* Debug */,
				F2C7846C1BE7544D00A36BFE /* Release */,
			);
			defaultConfigurationIsVisible = 0;
			defaultConfigurationName = Release;
		};
		F2C7846D1BE7544D00A36BFE /* Build configuration list for PBXNativeTarget "SwiftGGTests" */ = {
			isa = XCConfigurationList;
			buildConfigurations = (
				F2C7846E1BE7544D00A36BFE /* Debug */,
				F2C7846F1BE7544D00A36BFE /* Release */,
			);
			defaultConfigurationIsVisible = 0;
			defaultConfigurationName = Release;
		};
/* End XCConfigurationList section */
	};
	rootObject = F2C784431BE7544D00A36BFE /* Project object */;
}
